// !$*UTF8*$!
{
	archiveVersion = 1;
	classes = {
	};
	objectVersion = 46;
	objects = {

/* Begin PBXBuildFile section */
		3600F2291B1BEC8F001A3533 /* main.m in Sources */ = {isa = PBXBuildFile; fileRef = 3600F2281B1BEC8F001A3533 /* main.m */; };
		3600F22C1B1BEC8F001A3533 /* AppDelegate.m in Sources */ = {isa = PBXBuildFile; fileRef = 3600F22B1B1BEC8F001A3533 /* AppDelegate.m */; };
		3600F2351B1BEC8F001A3533 /* Main.storyboard in Resources */ = {isa = PBXBuildFile; fileRef = 3600F2331B1BEC8F001A3533 /* Main.storyboard */; };
		3600F2371B1BEC8F001A3533 /* Images.xcassets in Resources */ = {isa = PBXBuildFile; fileRef = 3600F2361B1BEC8F001A3533 /* Images.xcassets */; };
		3600F23A1B1BEC8F001A3533 /* LaunchScreen.xib in Resources */ = {isa = PBXBuildFile; fileRef = 3600F2381B1BEC8F001A3533 /* LaunchScreen.xib */; };
		3600F2461B1BEC90001A3533 /* FoodhuntTests.m in Sources */ = {isa = PBXBuildFile; fileRef = 3600F2451B1BEC90001A3533 /* FoodhuntTests.m */; };
		3600F2581B1C097A001A3533 /* SWRevealViewController.m in Sources */ = {isa = PBXBuildFile; fileRef = 3600F2571B1C097A001A3533 /* SWRevealViewController.m */; };
		3600F25C1B1C0A17001A3533 /* SlideMasterViewController.m in Sources */ = {isa = PBXBuildFile; fileRef = 3600F25B1B1C0A17001A3533 /* SlideMasterViewController.m */; };
		3600F2601B1C0AB1001A3533 /* HomeTableViewController.m in Sources */ = {isa = PBXBuildFile; fileRef = 3600F25F1B1C0AB1001A3533 /* HomeTableViewController.m */; };
		3600F2641B1C1164001A3533 /* NotificationTableViewController.m in Sources */ = {isa = PBXBuildFile; fileRef = 3600F2631B1C1164001A3533 /* NotificationTableViewController.m */; };
		3600F2681B1C12BF001A3533 /* ProfileViewController.m in Sources */ = {isa = PBXBuildFile; fileRef = 3600F2671B1C12BF001A3533 /* ProfileViewController.m */; };
		3600F26C1B1C12FD001A3533 /* SettingsViewController.m in Sources */ = {isa = PBXBuildFile; fileRef = 3600F26B1B1C12FD001A3533 /* SettingsViewController.m */; };
		3600F2701B1C1388001A3533 /* ShopDetailViewController.m in Sources */ = {isa = PBXBuildFile; fileRef = 3600F26F1B1C1388001A3533 /* ShopDetailViewController.m */; };
		36E6A9651B1C35A900AA393B /* StartViewController.m in Sources */ = {isa = PBXBuildFile; fileRef = 36E6A9641B1C35A900AA393B /* StartViewController.m */; };
		36E6A96A1B1C35D700AA393B /* LoginViewController.m in Sources */ = {isa = PBXBuildFile; fileRef = 36E6A9691B1C35D700AA393B /* LoginViewController.m */; };
		36E6A96E1B1C35F900AA393B /* SignUpViewController.m in Sources */ = {isa = PBXBuildFile; fileRef = 36E6A96D1B1C35F900AA393B /* SignUpViewController.m */; };
		4FD6AB671B1DF83E003B51BE /* EditProfileViewController.m in Sources */ = {isa = PBXBuildFile; fileRef = 4FD6AB661B1DF83E003B51BE /* EditProfileViewController.m */; };
		7C04431B1B1F3344001D7676 /* TPKeyboardAvoidingCollectionView.m in Sources */ = {isa = PBXBuildFile; fileRef = 7C0443141B1F3344001D7676 /* TPKeyboardAvoidingCollectionView.m */; };
		7C04431C1B1F3344001D7676 /* TPKeyboardAvoidingScrollView.m in Sources */ = {isa = PBXBuildFile; fileRef = 7C0443161B1F3344001D7676 /* TPKeyboardAvoidingScrollView.m */; };
		7C04431D1B1F3344001D7676 /* TPKeyboardAvoidingTableView.m in Sources */ = {isa = PBXBuildFile; fileRef = 7C0443181B1F3344001D7676 /* TPKeyboardAvoidingTableView.m */; };
		7C04431E1B1F3344001D7676 /* UIScrollView+TPKeyboardAvoidingAdditions.m in Sources */ = {isa = PBXBuildFile; fileRef = 7C04431A1B1F3344001D7676 /* UIScrollView+TPKeyboardAvoidingAdditions.m */; };
/* End PBXBuildFile section */

/* Begin PBXContainerItemProxy section */
		3600F2401B1BEC90001A3533 /* PBXContainerItemProxy */ = {
			isa = PBXContainerItemProxy;
			containerPortal = 3600F21B1B1BEC8F001A3533 /* Project object */;
			proxyType = 1;
			remoteGlobalIDString = 3600F2221B1BEC8F001A3533;
			remoteInfo = Foodhunt;
		};
/* End PBXContainerItemProxy section */

/* Begin PBXFileReference section */
		3600F2231B1BEC8F001A3533 /* Foodhunt.app */ = {isa = PBXFileReference; explicitFileType = wrapper.application; includeInIndex = 0; path = Foodhunt.app; sourceTree = BUILT_PRODUCTS_DIR; };
		3600F2271B1BEC8F001A3533 /* Info.plist */ = {isa = PBXFileReference; lastKnownFileType = text.plist.xml; path = Info.plist; sourceTree = "<group>"; };
		3600F2281B1BEC8F001A3533 /* main.m */ = {isa = PBXFileReference; lastKnownFileType = sourcecode.c.objc; path = main.m; sourceTree = "<group>"; };
		3600F22A1B1BEC8F001A3533 /* AppDelegate.h */ = {isa = PBXFileReference; lastKnownFileType = sourcecode.c.h; path = AppDelegate.h; sourceTree = "<group>"; };
		3600F22B1B1BEC8F001A3533 /* AppDelegate.m */ = {isa = PBXFileReference; lastKnownFileType = sourcecode.c.objc; path = AppDelegate.m; sourceTree = "<group>"; };
		3600F2341B1BEC8F001A3533 /* Base */ = {isa = PBXFileReference; lastKnownFileType = file.storyboard; name = Base; path = Base.lproj/Main.storyboard; sourceTree = "<group>"; };
		3600F2361B1BEC8F001A3533 /* Images.xcassets */ = {isa = PBXFileReference; lastKnownFileType = folder.assetcatalog; path = Images.xcassets; sourceTree = "<group>"; };
		3600F2391B1BEC8F001A3533 /* Base */ = {isa = PBXFileReference; lastKnownFileType = file.xib; name = Base; path = Base.lproj/LaunchScreen.xib; sourceTree = "<group>"; };
		3600F23F1B1BEC90001A3533 /* FoodhuntTests.xctest */ = {isa = PBXFileReference; explicitFileType = wrapper.cfbundle; includeInIndex = 0; path = FoodhuntTests.xctest; sourceTree = BUILT_PRODUCTS_DIR; };
		3600F2441B1BEC90001A3533 /* Info.plist */ = {isa = PBXFileReference; lastKnownFileType = text.plist.xml; path = Info.plist; sourceTree = "<group>"; };
		3600F2451B1BEC90001A3533 /* FoodhuntTests.m */ = {isa = PBXFileReference; lastKnownFileType = sourcecode.c.objc; path = FoodhuntTests.m; sourceTree = "<group>"; };
		3600F2561B1C097A001A3533 /* SWRevealViewController.h */ = {isa = PBXFileReference; fileEncoding = 4; lastKnownFileType = sourcecode.c.h; path = SWRevealViewController.h; sourceTree = "<group>"; };
		3600F2571B1C097A001A3533 /* SWRevealViewController.m */ = {isa = PBXFileReference; fileEncoding = 4; lastKnownFileType = sourcecode.c.objc; path = SWRevealViewController.m; sourceTree = "<group>"; };
		3600F25A1B1C0A17001A3533 /* SlideMasterViewController.h */ = {isa = PBXFileReference; fileEncoding = 4; lastKnownFileType = sourcecode.c.h; name = SlideMasterViewController.h; path = SlideMasterViewController/SlideMasterViewController.h; sourceTree = "<group>"; };
		3600F25B1B1C0A17001A3533 /* SlideMasterViewController.m */ = {isa = PBXFileReference; fileEncoding = 4; lastKnownFileType = sourcecode.c.objc; name = SlideMasterViewController.m; path = SlideMasterViewController/SlideMasterViewController.m; sourceTree = "<group>"; };
		3600F25E1B1C0AB1001A3533 /* HomeTableViewController.h */ = {isa = PBXFileReference; fileEncoding = 4; lastKnownFileType = sourcecode.c.h; name = HomeTableViewController.h; path = HomeTableViewController/HomeTableViewController.h; sourceTree = "<group>"; };
		3600F25F1B1C0AB1001A3533 /* HomeTableViewController.m */ = {isa = PBXFileReference; fileEncoding = 4; lastKnownFileType = sourcecode.c.objc; name = HomeTableViewController.m; path = HomeTableViewController/HomeTableViewController.m; sourceTree = "<group>"; };
		3600F2621B1C1164001A3533 /* NotificationTableViewController.h */ = {isa = PBXFileReference; fileEncoding = 4; lastKnownFileType = sourcecode.c.h; path = NotificationTableViewController.h; sourceTree = "<group>"; };
		3600F2631B1C1164001A3533 /* NotificationTableViewController.m */ = {isa = PBXFileReference; fileEncoding = 4; lastKnownFileType = sourcecode.c.objc; path = NotificationTableViewController.m; sourceTree = "<group>"; };
		3600F2661B1C12BF001A3533 /* ProfileViewController.h */ = {isa = PBXFileReference; fileEncoding = 4; lastKnownFileType = sourcecode.c.h; name = ProfileViewController.h; path = ProfileViewController/ProfileViewController.h; sourceTree = "<group>"; };
		3600F2671B1C12BF001A3533 /* ProfileViewController.m */ = {isa = PBXFileReference; fileEncoding = 4; lastKnownFileType = sourcecode.c.objc; name = ProfileViewController.m; path = ProfileViewController/ProfileViewController.m; sourceTree = "<group>"; };
		3600F26A1B1C12FD001A3533 /* SettingsViewController.h */ = {isa = PBXFileReference; fileEncoding = 4; lastKnownFileType = sourcecode.c.h; name = SettingsViewController.h; path = SettingsViewController/SettingsViewController.h; sourceTree = "<group>"; };
		3600F26B1B1C12FD001A3533 /* SettingsViewController.m */ = {isa = PBXFileReference; fileEncoding = 4; lastKnownFileType = sourcecode.c.objc; name = SettingsViewController.m; path = SettingsViewController/SettingsViewController.m; sourceTree = "<group>"; };
		3600F26E1B1C1388001A3533 /* ShopDetailViewController.h */ = {isa = PBXFileReference; fileEncoding = 4; lastKnownFileType = sourcecode.c.h; name = ShopDetailViewController.h; path = ShopDetailViewController/ShopDetailViewController.h; sourceTree = "<group>"; };
		3600F26F1B1C1388001A3533 /* ShopDetailViewController.m */ = {isa = PBXFileReference; fileEncoding = 4; lastKnownFileType = sourcecode.c.objc; name = ShopDetailViewController.m; path = ShopDetailViewController/ShopDetailViewController.m; sourceTree = "<group>"; };
		36E6A9631B1C35A900AA393B /* StartViewController.h */ = {isa = PBXFileReference; fileEncoding = 4; lastKnownFileType = sourcecode.c.h; name = StartViewController.h; path = StartViewController/StartViewController.h; sourceTree = "<group>"; };
		36E6A9641B1C35A900AA393B /* StartViewController.m */ = {isa = PBXFileReference; fileEncoding = 4; lastKnownFileType = sourcecode.c.objc; name = StartViewController.m; path = StartViewController/StartViewController.m; sourceTree = "<group>"; };
		36E6A9681B1C35D700AA393B /* LoginViewController.h */ = {isa = PBXFileReference; fileEncoding = 4; lastKnownFileType = sourcecode.c.h; name = LoginViewController.h; path = LoginViewController/LoginViewController.h; sourceTree = "<group>"; };
		36E6A9691B1C35D700AA393B /* LoginViewController.m */ = {isa = PBXFileReference; fileEncoding = 4; lastKnownFileType = sourcecode.c.objc; name = LoginViewController.m; path = LoginViewController/LoginViewController.m; sourceTree = "<group>"; };
		36E6A96C1B1C35F900AA393B /* SignUpViewController.h */ = {isa = PBXFileReference; fileEncoding = 4; lastKnownFileType = sourcecode.c.h; path = SignUpViewController.h; sourceTree = "<group>"; };
		36E6A96D1B1C35F900AA393B /* SignUpViewController.m */ = {isa = PBXFileReference; fileEncoding = 4; lastKnownFileType = sourcecode.c.objc; path = SignUpViewController.m; sourceTree = "<group>"; };
		4FD6AB651B1DF83E003B51BE /* EditProfileViewController.h */ = {isa = PBXFileReference; fileEncoding = 4; lastKnownFileType = sourcecode.c.h; name = EditProfileViewController.h; path = ProfileViewController/EditProfileViewController.h; sourceTree = "<group>"; };
		4FD6AB661B1DF83E003B51BE /* EditProfileViewController.m */ = {isa = PBXFileReference; fileEncoding = 4; lastKnownFileType = sourcecode.c.objc; name = EditProfileViewController.m; path = ProfileViewController/EditProfileViewController.m; sourceTree = "<group>"; };
		7C0443131B1F3344001D7676 /* TPKeyboardAvoidingCollectionView.h */ = {isa = PBXFileReference; fileEncoding = 4; lastKnownFileType = sourcecode.c.h; path = TPKeyboardAvoidingCollectionView.h; sourceTree = "<group>"; };
		7C0443141B1F3344001D7676 /* TPKeyboardAvoidingCollectionView.m */ = {isa = PBXFileReference; fileEncoding = 4; lastKnownFileType = sourcecode.c.objc; path = TPKeyboardAvoidingCollectionView.m; sourceTree = "<group>"; };
		7C0443151B1F3344001D7676 /* TPKeyboardAvoidingScrollView.h */ = {isa = PBXFileReference; fileEncoding = 4; lastKnownFileType = sourcecode.c.h; path = TPKeyboardAvoidingScrollView.h; sourceTree = "<group>"; };
		7C0443161B1F3344001D7676 /* TPKeyboardAvoidingScrollView.m */ = {isa = PBXFileReference; fileEncoding = 4; lastKnownFileType = sourcecode.c.objc; path = TPKeyboardAvoidingScrollView.m; sourceTree = "<group>"; };
		7C0443171B1F3344001D7676 /* TPKeyboardAvoidingTableView.h */ = {isa = PBXFileReference; fileEncoding = 4; lastKnownFileType = sourcecode.c.h; path = TPKeyboardAvoidingTableView.h; sourceTree = "<group>"; };
		7C0443181B1F3344001D7676 /* TPKeyboardAvoidingTableView.m */ = {isa = PBXFileReference; fileEncoding = 4; lastKnownFileType = sourcecode.c.objc; path = TPKeyboardAvoidingTableView.m; sourceTree = "<group>"; };
		7C0443191B1F3344001D7676 /* UIScrollView+TPKeyboardAvoidingAdditions.h */ = {isa = PBXFileReference; fileEncoding = 4; lastKnownFileType = sourcecode.c.h; path = "UIScrollView+TPKeyboardAvoidingAdditions.h"; sourceTree = "<group>"; };
		7C04431A1B1F3344001D7676 /* UIScrollView+TPKeyboardAvoidingAdditions.m */ = {isa = PBXFileReference; fileEncoding = 4; lastKnownFileType = sourcecode.c.objc; path = "UIScrollView+TPKeyboardAvoidingAdditions.m"; sourceTree = "<group>"; };
/* End PBXFileReference section */

/* Begin PBXFrameworksBuildPhase section */
		3600F2201B1BEC8F001A3533 /* Frameworks */ = {
			isa = PBXFrameworksBuildPhase;
			buildActionMask = 2147483647;
			files = (
			);
			runOnlyForDeploymentPostprocessing = 0;
		};
		3600F23C1B1BEC90001A3533 /* Frameworks */ = {
			isa = PBXFrameworksBuildPhase;
			buildActionMask = 2147483647;
			files = (
			);
			runOnlyForDeploymentPostprocessing = 0;
		};
/* End PBXFrameworksBuildPhase section */

/* Begin PBXGroup section */
		3600F21A1B1BEC8F001A3533 = {
			isa = PBXGroup;
			children = (
				3600F2251B1BEC8F001A3533 /* Foodhunt */,
				3600F2421B1BEC90001A3533 /* FoodhuntTests */,
				3600F2241B1BEC8F001A3533 /* Products */,
			);
			sourceTree = "<group>";
		};
		3600F2241B1BEC8F001A3533 /* Products */ = {
			isa = PBXGroup;
			children = (
				3600F2231B1BEC8F001A3533 /* Foodhunt.app */,
				3600F23F1B1BEC90001A3533 /* FoodhuntTests.xctest */,
			);
			name = Products;
			sourceTree = "<group>";
		};
		3600F2251B1BEC8F001A3533 /* Foodhunt */ = {
			isa = PBXGroup;
			children = (
				36E6A9611B1C2D2900AA393B /* DataManagers */,
				36E6A9601B1C2D1300AA393B /* Utilities */,
				36E6A95F1B1C2CFD00AA393B /* Services */,
				36E6A95D1B1C2CD300AA393B /* Models */,
				36E6A95C1B1C26DE00AA393B /* Controllers */,
				3600F2551B1C0955001A3533 /* SWRevealViewController */,
				3600F22A1B1BEC8F001A3533 /* AppDelegate.h */,
				3600F22B1B1BEC8F001A3533 /* AppDelegate.m */,
				3600F2331B1BEC8F001A3533 /* Main.storyboard */,
				3600F2361B1BEC8F001A3533 /* Images.xcassets */,
				3600F2381B1BEC8F001A3533 /* LaunchScreen.xib */,
				3600F2261B1BEC8F001A3533 /* Supporting Files */,
			);
			path = Foodhunt;
			sourceTree = "<group>";
		};
		3600F2261B1BEC8F001A3533 /* Supporting Files */ = {
			isa = PBXGroup;
			children = (
				3600F2271B1BEC8F001A3533 /* Info.plist */,
				3600F2281B1BEC8F001A3533 /* main.m */,
			);
			name = "Supporting Files";
			sourceTree = "<group>";
		};
		3600F2421B1BEC90001A3533 /* FoodhuntTests */ = {
			isa = PBXGroup;
			children = (
				3600F2451B1BEC90001A3533 /* FoodhuntTests.m */,
				3600F2431B1BEC90001A3533 /* Supporting Files */,
			);
			path = FoodhuntTests;
			sourceTree = "<group>";
		};
		3600F2431B1BEC90001A3533 /* Supporting Files */ = {
			isa = PBXGroup;
			children = (
				3600F2441B1BEC90001A3533 /* Info.plist */,
			);
			name = "Supporting Files";
			sourceTree = "<group>";
		};
		3600F2551B1C0955001A3533 /* SWRevealViewController */ = {
			isa = PBXGroup;
			children = (
				3600F2561B1C097A001A3533 /* SWRevealViewController.h */,
				3600F2571B1C097A001A3533 /* SWRevealViewController.m */,
			);
			name = SWRevealViewController;
			sourceTree = "<group>";
		};
		3600F2591B1C09DD001A3533 /* SlideMasterViewController */ = {
			isa = PBXGroup;
			children = (
				3600F25A1B1C0A17001A3533 /* SlideMasterViewController.h */,
				3600F25B1B1C0A17001A3533 /* SlideMasterViewController.m */,
			);
			name = SlideMasterViewController;
			sourceTree = "<group>";
		};
		3600F25D1B1C0A66001A3533 /* HomeTableViewController */ = {
			isa = PBXGroup;
			children = (
				3600F25E1B1C0AB1001A3533 /* HomeTableViewController.h */,
				3600F25F1B1C0AB1001A3533 /* HomeTableViewController.m */,
			);
			name = HomeTableViewController;
			sourceTree = "<group>";
		};
		3600F2611B1C1147001A3533 /* NotificationTableViewController */ = {
			isa = PBXGroup;
			children = (
				3600F2621B1C1164001A3533 /* NotificationTableViewController.h */,
				3600F2631B1C1164001A3533 /* NotificationTableViewController.m */,
			);
			name = NotificationTableViewController;
			sourceTree = "<group>";
		};
		3600F2651B1C1298001A3533 /* ProfileViewController */ = {
			isa = PBXGroup;
			children = (
				3600F2661B1C12BF001A3533 /* ProfileViewController.h */,
				3600F2671B1C12BF001A3533 /* ProfileViewController.m */,
				4FD6AB651B1DF83E003B51BE /* EditProfileViewController.h */,
				4FD6AB661B1DF83E003B51BE /* EditProfileViewController.m */,
			);
			name = ProfileViewController;
			sourceTree = "<group>";
		};
		3600F2691B1C12D1001A3533 /* SettingsViewController */ = {
			isa = PBXGroup;
			children = (
				3600F26A1B1C12FD001A3533 /* SettingsViewController.h */,
				3600F26B1B1C12FD001A3533 /* SettingsViewController.m */,
			);
			name = SettingsViewController;
			sourceTree = "<group>";
		};
		3600F26D1B1C1370001A3533 /* ShopDetailViewController */ = {
			isa = PBXGroup;
			children = (
				3600F26E1B1C1388001A3533 /* ShopDetailViewController.h */,
				3600F26F1B1C1388001A3533 /* ShopDetailViewController.m */,
			);
			name = ShopDetailViewController;
			sourceTree = "<group>";
		};
		36E6A95C1B1C26DE00AA393B /* Controllers */ = {
			isa = PBXGroup;
			children = (
				36E6A96B1B1C35DC00AA393B /* SignUpViewController */,
				36E6A9671B1C35BC00AA393B /* LoginViewController */,
				36E6A9621B1C357B00AA393B /* StartViewController */,
				3600F2591B1C09DD001A3533 /* SlideMasterViewController */,
				3600F25D1B1C0A66001A3533 /* HomeTableViewController */,
				3600F2611B1C1147001A3533 /* NotificationTableViewController */,
				3600F2651B1C1298001A3533 /* ProfileViewController */,
				3600F2691B1C12D1001A3533 /* SettingsViewController */,
				3600F26D1B1C1370001A3533 /* ShopDetailViewController */,
			);
			name = Controllers;
			sourceTree = "<group>";
		};
		36E6A95D1B1C2CD300AA393B /* Models */ = {
			isa = PBXGroup;
			children = (
			);
			name = Models;
			sourceTree = "<group>";
		};
		36E6A95E1B1C2CDF00AA393B /* Helpers */ = {
			isa = PBXGroup;
			children = (
				7C0443121B1F3344001D7676 /* TPKeyboardAvoiding */,
			);
			name = Helpers;
			sourceTree = "<group>";
		};
		36E6A95F1B1C2CFD00AA393B /* Services */ = {
			isa = PBXGroup;
			children = (
			);
			name = Services;
			sourceTree = "<group>";
		};
		36E6A9601B1C2D1300AA393B /* Utilities */ = {
			isa = PBXGroup;
			children = (
				36E6A95E1B1C2CDF00AA393B /* Helpers */,
			);
			name = Utilities;
			sourceTree = "<group>";
		};
		36E6A9611B1C2D2900AA393B /* DataManagers */ = {
			isa = PBXGroup;
			children = (
			);
			name = DataManagers;
			sourceTree = "<group>";
		};
		36E6A9621B1C357B00AA393B /* StartViewController */ = {
			isa = PBXGroup;
			children = (
				36E6A9631B1C35A900AA393B /* StartViewController.h */,
				36E6A9641B1C35A900AA393B /* StartViewController.m */,
			);
			name = StartViewController;
			sourceTree = "<group>";
		};
		36E6A9671B1C35BC00AA393B /* LoginViewController */ = {
			isa = PBXGroup;
			children = (
				36E6A9681B1C35D700AA393B /* LoginViewController.h */,
				36E6A9691B1C35D700AA393B /* LoginViewController.m */,
			);
			name = LoginViewController;
			sourceTree = "<group>";
		};
		36E6A96B1B1C35DC00AA393B /* SignUpViewController */ = {
			isa = PBXGroup;
			children = (
				36E6A96C1B1C35F900AA393B /* SignUpViewController.h */,
				36E6A96D1B1C35F900AA393B /* SignUpViewController.m */,
			);
			name = SignUpViewController;
			sourceTree = "<group>";
		};
		7C0443121B1F3344001D7676 /* TPKeyboardAvoiding */ = {
			isa = PBXGroup;
			children = (
				7C0443131B1F3344001D7676 /* TPKeyboardAvoidingCollectionView.h */,
				7C0443141B1F3344001D7676 /* TPKeyboardAvoidingCollectionView.m */,
				7C0443151B1F3344001D7676 /* TPKeyboardAvoidingScrollView.h */,
				7C0443161B1F3344001D7676 /* TPKeyboardAvoidingScrollView.m */,
				7C0443171B1F3344001D7676 /* TPKeyboardAvoidingTableView.h */,
				7C0443181B1F3344001D7676 /* TPKeyboardAvoidingTableView.m */,
				7C0443191B1F3344001D7676 /* UIScrollView+TPKeyboardAvoidingAdditions.h */,
				7C04431A1B1F3344001D7676 /* UIScrollView+TPKeyboardAvoidingAdditions.m */,
			);
			path = TPKeyboardAvoiding;
			sourceTree = "<group>";
		};
/* End PBXGroup section */

/* Begin PBXNativeTarget section */
		3600F2221B1BEC8F001A3533 /* Foodhunt */ = {
			isa = PBXNativeTarget;
			buildConfigurationList = 3600F2491B1BEC90001A3533 /* Build configuration list for PBXNativeTarget "Foodhunt" */;
			buildPhases = (
				3600F21F1B1BEC8F001A3533 /* Sources */,
				3600F2201B1BEC8F001A3533 /* Frameworks */,
				3600F2211B1BEC8F001A3533 /* Resources */,
			);
			buildRules = (
			);
			dependencies = (
			);
			name = Foodhunt;
			productName = Foodhunt;
			productReference = 3600F2231B1BEC8F001A3533 /* Foodhunt.app */;
			productType = "com.apple.product-type.application";
		};
		3600F23E1B1BEC90001A3533 /* FoodhuntTests */ = {
			isa = PBXNativeTarget;
			buildConfigurationList = 3600F24C1B1BEC90001A3533 /* Build configuration list for PBXNativeTarget "FoodhuntTests" */;
			buildPhases = (
				3600F23B1B1BEC90001A3533 /* Sources */,
				3600F23C1B1BEC90001A3533 /* Frameworks */,
				3600F23D1B1BEC90001A3533 /* Resources */,
			);
			buildRules = (
			);
			dependencies = (
				3600F2411B1BEC90001A3533 /* PBXTargetDependency */,
			);
			name = FoodhuntTests;
			productName = FoodhuntTests;
			productReference = 3600F23F1B1BEC90001A3533 /* FoodhuntTests.xctest */;
			productType = "com.apple.product-type.bundle.unit-test";
		};
/* End PBXNativeTarget section */

/* Begin PBXProject section */
		3600F21B1B1BEC8F001A3533 /* Project object */ = {
			isa = PBXProject;
			attributes = {
				LastUpgradeCheck = 0630;
				ORGANIZATIONNAME = TW.FLcers;
				TargetAttributes = {
					3600F2221B1BEC8F001A3533 = {
						CreatedOnToolsVersion = 6.3.2;
					};
					3600F23E1B1BEC90001A3533 = {
						CreatedOnToolsVersion = 6.3.2;
						TestTargetID = 3600F2221B1BEC8F001A3533;
					};
				};
			};
			buildConfigurationList = 3600F21E1B1BEC8F001A3533 /* Build configuration list for PBXProject "Foodhunt" */;
			compatibilityVersion = "Xcode 3.2";
			developmentRegion = English;
			hasScannedForEncodings = 0;
			knownRegions = (
				en,
				Base,
			);
			mainGroup = 3600F21A1B1BEC8F001A3533;
			productRefGroup = 3600F2241B1BEC8F001A3533 /* Products */;
			projectDirPath = "";
			projectRoot = "";
			targets = (
				3600F2221B1BEC8F001A3533 /* Foodhunt */,
				3600F23E1B1BEC90001A3533 /* FoodhuntTests */,
			);
		};
/* End PBXProject section */

/* Begin PBXResourcesBuildPhase section */
		3600F2211B1BEC8F001A3533 /* Resources */ = {
			isa = PBXResourcesBuildPhase;
			buildActionMask = 2147483647;
			files = (
				3600F2351B1BEC8F001A3533 /* Main.storyboard in Resources */,
				3600F23A1B1BEC8F001A3533 /* LaunchScreen.xib in Resources */,
				3600F2371B1BEC8F001A3533 /* Images.xcassets in Resources */,
			);
			runOnlyForDeploymentPostprocessing = 0;
		};
		3600F23D1B1BEC90001A3533 /* Resources */ = {
			isa = PBXResourcesBuildPhase;
			buildActionMask = 2147483647;
			files = (
			);
			runOnlyForDeploymentPostprocessing = 0;
		};
/* End PBXResourcesBuildPhase section */

/* Begin PBXSourcesBuildPhase section */
		3600F21F1B1BEC8F001A3533 /* Sources */ = {
			isa = PBXSourcesBuildPhase;
			buildActionMask = 2147483647;
			files = (
				3600F2641B1C1164001A3533 /* NotificationTableViewController.m in Sources */,
				7C04431D1B1F3344001D7676 /* TPKeyboardAvoidingTableView.m in Sources */,
				3600F22C1B1BEC8F001A3533 /* AppDelegate.m in Sources */,
				7C04431E1B1F3344001D7676 /* UIScrollView+TPKeyboardAvoidingAdditions.m in Sources */,
				36E6A96E1B1C35F900AA393B /* SignUpViewController.m in Sources */,
				3600F2601B1C0AB1001A3533 /* HomeTableViewController.m in Sources */,
				3600F26C1B1C12FD001A3533 /* SettingsViewController.m in Sources */,
				3600F2581B1C097A001A3533 /* SWRevealViewController.m in Sources */,
				7C04431C1B1F3344001D7676 /* TPKeyboardAvoidingScrollView.m in Sources */,
				7C04431B1B1F3344001D7676 /* TPKeyboardAvoidingCollectionView.m in Sources */,
				3600F2701B1C1388001A3533 /* ShopDetailViewController.m in Sources */,
				3600F2681B1C12BF001A3533 /* ProfileViewController.m in Sources */,
				4FD6AB671B1DF83E003B51BE /* EditProfileViewController.m in Sources */,
				36E6A9651B1C35A900AA393B /* StartViewController.m in Sources */,
				3600F25C1B1C0A17001A3533 /* SlideMasterViewController.m in Sources */,
				36E6A96A1B1C35D700AA393B /* LoginViewController.m in Sources */,
				3600F2291B1BEC8F001A3533 /* main.m in Sources */,
			);
			runOnlyForDeploymentPostprocessing = 0;
		};
		3600F23B1B1BEC90001A3533 /* Sources */ = {
			isa = PBXSourcesBuildPhase;
			buildActionMask = 2147483647;
			files = (
				3600F2461B1BEC90001A3533 /* FoodhuntTests.m in Sources */,
			);
			runOnlyForDeploymentPostprocessing = 0;
		};
/* End PBXSourcesBuildPhase section */

/* Begin PBXTargetDependency section */
		3600F2411B1BEC90001A3533 /* PBXTargetDependency */ = {
			isa = PBXTargetDependency;
			target = 3600F2221B1BEC8F001A3533 /* Foodhunt */;
			targetProxy = 3600F2401B1BEC90001A3533 /* PBXContainerItemProxy */;
		};
/* End PBXTargetDependency section */

/* Begin PBXVariantGroup section */
		3600F2331B1BEC8F001A3533 /* Main.storyboard */ = {
			isa = PBXVariantGroup;
			children = (
				3600F2341B1BEC8F001A3533 /* Base */,
			);
			name = Main.storyboard;
			sourceTree = "<group>";
		};
		3600F2381B1BEC8F001A3533 /* LaunchScreen.xib */ = {
			isa = PBXVariantGroup;
			children = (
				3600F2391B1BEC8F001A3533 /* Base */,
			);
			name = LaunchScreen.xib;
			sourceTree = "<group>";
		};
/* End PBXVariantGroup section */

/* Begin XCBuildConfiguration section */
		3600F2471B1BEC90001A3533 /* Debug */ = {
			isa = XCBuildConfiguration;
			buildSettings = {
				ALWAYS_SEARCH_USER_PATHS = NO;
				CLANG_CXX_LANGUAGE_STANDARD = "gnu++0x";
				CLANG_CXX_LIBRARY = "libc++";
				CLANG_ENABLE_MODULES = YES;
				CLANG_ENABLE_OBJC_ARC = YES;
				CLANG_WARN_BOOL_CONVERSION = YES;
				CLANG_WARN_CONSTANT_CONVERSION = YES;
				CLANG_WARN_DIRECT_OBJC_ISA_USAGE = YES_ERROR;
				CLANG_WARN_EMPTY_BODY = YES;
				CLANG_WARN_ENUM_CONVERSION = YES;
				CLANG_WARN_INT_CONVERSION = YES;
				CLANG_WARN_OBJC_ROOT_CLASS = YES_ERROR;
				CLANG_WARN_UNREACHABLE_CODE = YES;
				CLANG_WARN__DUPLICATE_METHOD_MATCH = YES;
				"CODE_SIGN_IDENTITY[sdk=iphoneos*]" = "iPhone Developer";
				COPY_PHASE_STRIP = NO;
				DEBUG_INFORMATION_FORMAT = "dwarf-with-dsym";
				ENABLE_STRICT_OBJC_MSGSEND = YES;
				GCC_C_LANGUAGE_STANDARD = gnu99;
				GCC_DYNAMIC_NO_PIC = NO;
				GCC_NO_COMMON_BLOCKS = YES;
				GCC_OPTIMIZATION_LEVEL = 0;
				GCC_PREPROCESSOR_DEFINITIONS = (
					"DEBUG=1",
					"$(inherited)",
				);
				GCC_SYMBOLS_PRIVATE_EXTERN = NO;
				GCC_WARN_64_TO_32_BIT_CONVERSION = YES;
				GCC_WARN_ABOUT_RETURN_TYPE = YES_ERROR;
				GCC_WARN_UNDECLARED_SELECTOR = YES;
				GCC_WARN_UNINITIALIZED_AUTOS = YES_AGGRESSIVE;
				GCC_WARN_UNUSED_FUNCTION = YES;
				GCC_WARN_UNUSED_VARIABLE = YES;
				IPHONEOS_DEPLOYMENT_TARGET = 8.3;
				MTL_ENABLE_DEBUG_INFO = YES;
				ONLY_ACTIVE_ARCH = YES;
				SDKROOT = iphoneos;
			};
			name = Debug;
		};
		3600F2481B1BEC90001A3533 /* Release */ = {
			isa = XCBuildConfiguration;
			buildSettings = {
				ALWAYS_SEARCH_USER_PATHS = NO;
				CLANG_CXX_LANGUAGE_STANDARD = "gnu++0x";
				CLANG_CXX_LIBRARY = "libc++";
				CLANG_ENABLE_MODULES = YES;
				CLANG_ENABLE_OBJC_ARC = YES;
				CLANG_WARN_BOOL_CONVERSION = YES;
				CLANG_WARN_CONSTANT_CONVERSION = YES;
				CLANG_WARN_DIRECT_OBJC_ISA_USAGE = YES_ERROR;
				CLANG_WARN_EMPTY_BODY = YES;
				CLANG_WARN_ENUM_CONVERSION = YES;
				CLANG_WARN_INT_CONVERSION = YES;
				CLANG_WARN_OBJC_ROOT_CLASS = YES_ERROR;
				CLANG_WARN_UNREACHABLE_CODE = YES;
				CLANG_WARN__DUPLICATE_METHOD_MATCH = YES;
				"CODE_SIGN_IDENTITY[sdk=iphoneos*]" = "iPhone Developer";
				COPY_PHASE_STRIP = NO;
				DEBUG_INFORMATION_FORMAT = "dwarf-with-dsym";
				ENABLE_NS_ASSERTIONS = NO;
				ENABLE_STRICT_OBJC_MSGSEND = YES;
				GCC_C_LANGUAGE_STANDARD = gnu99;
				GCC_NO_COMMON_BLOCKS = YES;
				GCC_WARN_64_TO_32_BIT_CONVERSION = YES;
				GCC_WARN_ABOUT_RETURN_TYPE = YES_ERROR;
				GCC_WARN_UNDECLARED_SELECTOR = YES;
				GCC_WARN_UNINITIALIZED_AUTOS = YES_AGGRESSIVE;
				GCC_WARN_UNUSED_FUNCTION = YES;
				GCC_WARN_UNUSED_VARIABLE = YES;
				IPHONEOS_DEPLOYMENT_TARGET = 8.3;
				MTL_ENABLE_DEBUG_INFO = NO;
				SDKROOT = iphoneos;
				VALIDATE_PRODUCT = YES;
			};
			name = Release;
		};
		3600F24A1B1BEC90001A3533 /* Debug */ = {
			isa = XCBuildConfiguration;
			buildSettings = {
				ASSETCATALOG_COMPILER_APPICON_NAME = AppIcon;
				INFOPLIST_FILE = Foodhunt/Info.plist;
				IPHONEOS_DEPLOYMENT_TARGET = 7.0;
				LD_RUNPATH_SEARCH_PATHS = "$(inherited) @executable_path/Frameworks";
				PRODUCT_NAME = "$(TARGET_NAME)";
			};
			name = Debug;
		};
		3600F24B1B1BEC90001A3533 /* Release */ = {
			isa = XCBuildConfiguration;
			buildSettings = {
				ASSETCATALOG_COMPILER_APPICON_NAME = AppIcon;
				INFOPLIST_FILE = Foodhunt/Info.plist;
				IPHONEOS_DEPLOYMENT_TARGET = 7.0;
				LD_RUNPATH_SEARCH_PATHS = "$(inherited) @executable_path/Frameworks";
				PRODUCT_NAME = "$(TARGET_NAME)";
			};
			name = Release;
		};
		3600F24D1B1BEC90001A3533 /* Debug */ = {
			isa = XCBuildConfiguration;
			buildSettings = {
				BUNDLE_LOADER = "$(TEST_HOST)";
				FRAMEWORK_SEARCH_PATHS = (
					"$(SDKROOT)/Developer/Library/Frameworks",
					"$(inherited)",
				);
				GCC_PREPROCESSOR_DEFINITIONS = (
					"DEBUG=1",
					"$(inherited)",
				);
				INFOPLIST_FILE = FoodhuntTests/Info.plist;
				LD_RUNPATH_SEARCH_PATHS = "$(inherited) @executable_path/Frameworks @loader_path/Frameworks";
				PRODUCT_NAME = "$(TARGET_NAME)";
				TEST_HOST = "$(BUILT_PRODUCTS_DIR)/Foodhunt.app/Foodhunt";
			};
			name = Debug;
		};
		3600F24E1B1BEC90001A3533 /* Release */ = {
			isa = XCBuildConfiguration;
			buildSettings = {
				BUNDLE_LOADER = "$(TEST_HOST)";
				FRAMEWORK_SEARCH_PATHS = (
					"$(SDKROOT)/Developer/Library/Frameworks",
					"$(inherited)",
				);
				INFOPLIST_FILE = FoodhuntTests/Info.plist;
				LD_RUNPATH_SEARCH_PATHS = "$(inherited) @executable_path/Frameworks @loader_path/Frameworks";
				PRODUCT_NAME = "$(TARGET_NAME)";
				TEST_HOST = "$(BUILT_PRODUCTS_DIR)/Foodhunt.app/Foodhunt";
			};
			name = Release;
		};
/* End XCBuildConfiguration section */

/* Begin XCConfigurationList section */
		3600F21E1B1BEC8F001A3533 /* Build configuration list for PBXProject "Foodhunt" */ = {
			isa = XCConfigurationList;
			buildConfigurations = (
				3600F2471B1BEC90001A3533 /* Debug */,
				3600F2481B1BEC90001A3533 /* Release */,
			);
			defaultConfigurationIsVisible = 0;
			defaultConfigurationName = Release;
		};
		3600F2491B1BEC90001A3533 /* Build configuration list for PBXNativeTarget "Foodhunt" */ = {
			isa = XCConfigurationList;
			buildConfigurations = (
				3600F24A1B1BEC90001A3533 /* Debug */,
				3600F24B1B1BEC90001A3533 /* Release */,
			);
			defaultConfigurationIsVisible = 0;
			defaultConfigurationName = Release;
		};
		3600F24C1B1BEC90001A3533 /* Build configuration list for PBXNativeTarget "FoodhuntTests" */ = {
			isa = XCConfigurationList;
			buildConfigurations = (
				3600F24D1B1BEC90001A3533 /* Debug */,
				3600F24E1B1BEC90001A3533 /* Release */,
			);
			defaultConfigurationIsVisible = 0;
			defaultConfigurationName = Release;
		};
/* End XCConfigurationList section */
	};
	rootObject = 3600F21B1B1BEC8F001A3533 /* Project object */;
}
